
Microsoft Visual Studio Solution File, Format Version 12.00
# Visual Studio Version 16
VisualStudioVersion = 16.0.808.4
MinimumVisualStudioVersion = 10.0.40219.1
Project("{FAE04EC0-301F-11D3-BF4B-00C04F79EFBC}") = "check-address", "check-address\check-address.csproj", "{5C2405DB-2863-4E87-820A-43BFA651E8B9}"
EndProject
Global
	GlobalSection(SolutionConfigurationPlatforms) = preSolution
		Debug|anycpu = Debug|anycpu
		Release|anycpu = Release|anycpu
	EndGlobalSection
	GlobalSection(ProjectConfigurationPlatforms) = postSolution
		{5C2405DB-2863-4E87-820A-43BFA651E8B9}.Debug|anycpu.ActiveCfg = Debug|anycpu
		{5C2405DB-2863-4E87-820A-43BFA651E8B9}.Debug|anycpu.Build.0 = Debug|anycpu
		{5C2405DB-2863-4E87-820A-43BFA651E8B9}.Release|anycpu.ActiveCfg = Release|anycpu
		{5C2405DB-2863-4E87-820A-43BFA651E8B9}.Release|anycpu.Build.0 = Release|anycpu
	EndGlobalSection
	GlobalSection(SolutionProperties) = preSolution
		HideSolutionNode = FALSE
	EndGlobalSection
	GlobalSection(ExtensibilityGlobals) = postSolution
		SolutionGuid = {EABE61CB-43EB-4C2F-AEA3-6E4C4B5733EF}
	EndGlobalSection
EndGlobal
